
Microsoft Visual Studio Solution File, Format Version 12.00
# Visual Studio Version 17
VisualStudioVersion = 17.13.35828.75 d17.13
MinimumVisualStudioVersion = 10.0.40219.1
Project("{FAE04EC0-301F-11D3-BF4B-00C04F79EFBC}") = "A004_SelectPoint", "A004_SelectPoint.csproj", "{1F701869-6C50-47DA-9C10-19411791C0EA}"
EndProject
Global
	GlobalSection(SolutionConfigurationPlatforms) = preSolution
		Debug|Any CPU = Debug|Any CPU
		Release|Any CPU = Release|Any CPU
	EndGlobalSection
	GlobalSection(ProjectConfigurationPlatforms) = postSolution
		{1F701869-6C50-47DA-9C10-19411791C0EA}.Debug|Any CPU.ActiveCfg = Debug|Any CPU
		{1F701869-6C50-47DA-9C10-19411791C0EA}.Debug|Any CPU.Build.0 = Debug|Any CPU
		{1F701869-6C50-47DA-9C10-19411791C0EA}.Release|Any CPU.ActiveCfg = Release|Any CPU
		{1F701869-6C50-47DA-9C10-19411791C0EA}.Release|Any CPU.Build.0 = Release|Any CPU
	EndGlobalSection
	GlobalSection(SolutionProperties) = preSolution
		HideSolutionNode = FALSE
	EndGlobalSection
	GlobalSection(ExtensibilityGlobals) = postSolution
		SolutionGuid = {9998BC95-4D4B-43B2-9A9C-688D1CA2732C}
	EndGlobalSection
EndGlobal
