
Microsoft Visual Studio Solution File, Format Version 12.00
# Visual Studio Version 17
VisualStudioVersion = 17.13.35828.75 d17.13
MinimumVisualStudioVersion = 10.0.40219.1
Project("{FAE04EC0-301F-11D3-BF4B-00C04F79EFBC}") = "A003_SelectEdge", "A003_SelectEdge.csproj", "{2812B91C-64C7-4191-A514-AF8BB2F59AC8}"
EndProject
Global
	GlobalSection(SolutionConfigurationPlatforms) = preSolution
		Debug|Any CPU = Debug|Any CPU
		Release|Any CPU = Release|Any CPU
	EndGlobalSection
	GlobalSection(ProjectConfigurationPlatforms) = postSolution
		{2812B91C-64C7-4191-A514-AF8BB2F59AC8}.Debug|Any CPU.ActiveCfg = Debug|Any CPU
		{2812B91C-64C7-4191-A514-AF8BB2F59AC8}.Debug|Any CPU.Build.0 = Debug|Any CPU
		{2812B91C-64C7-4191-A514-AF8BB2F59AC8}.Release|Any CPU.ActiveCfg = Release|Any CPU
		{2812B91C-64C7-4191-A514-AF8BB2F59AC8}.Release|Any CPU.Build.0 = Release|Any CPU
	EndGlobalSection
	GlobalSection(SolutionProperties) = preSolution
		HideSolutionNode = FALSE
	EndGlobalSection
	GlobalSection(ExtensibilityGlobals) = postSolution
		SolutionGuid = {6F41FAC6-FD59-4A6C-8A2A-32C5D48EB2FB}
	EndGlobalSection
EndGlobal
